// !$*UTF8*$!
{
	archiveVersion = 1;
	classes = {
	};
	objectVersion = 56;
	objects = {

/* Begin PBXBuildFile section */
		1624D27A2C4ACC0000D3A74F /* GoogleService-Info.plist in Resources */ = {isa = PBXBuildFile; fileRef = 1624D2792C4ACC0000D3A74F /* GoogleService-Info.plist */; };
		164DE2F52C49CBF200F8CBB9 /* HelpDeskApp.swift in Sources */ = {isa = PBXBuildFile; fileRef = 164DE2F42C49CBF200F8CBB9 /* HelpDeskApp.swift */; };
		164DE2F72C49CBF200F8CBB9 /* ContentView.swift in Sources */ = {isa = PBXBuildFile; fileRef = 164DE2F62C49CBF200F8CBB9 /* ContentView.swift */; };
		164DE2F92C49CBF200F8CBB9 /* Assets.xcassets in Resources */ = {isa = PBXBuildFile; fileRef = 164DE2F82C49CBF200F8CBB9 /* Assets.xcassets */; };
		164DE2FC2C49CBF200F8CBB9 /* Preview Assets.xcassets in Resources */ = {isa = PBXBuildFile; fileRef = 164DE2FB2C49CBF200F8CBB9 /* Preview Assets.xcassets */; };
		164DE3062C49CD0A00F8CBB9 /* FirebaseAuth in Frameworks */ = {isa = PBXBuildFile; productRef = 164DE3052C49CD0A00F8CBB9 /* FirebaseAuth */; };
		164DE3082C49CD0A00F8CBB9 /* FirebaseAuthCombine-Community in Frameworks */ = {isa = PBXBuildFile; productRef = 164DE3072C49CD0A00F8CBB9 /* FirebaseAuthCombine-Community */; };
		164DE30A2C49CD0A00F8CBB9 /* FirebaseDatabase in Frameworks */ = {isa = PBXBuildFile; productRef = 164DE3092C49CD0A00F8CBB9 /* FirebaseDatabase */; };
		164DE30C2C49CD0A00F8CBB9 /* FirebaseFirestore in Frameworks */ = {isa = PBXBuildFile; productRef = 164DE30B2C49CD0A00F8CBB9 /* FirebaseFirestore */; };
		164DE30E2C49CD0A00F8CBB9 /* FirebaseStorage in Frameworks */ = {isa = PBXBuildFile; productRef = 164DE30D2C49CD0A00F8CBB9 /* FirebaseStorage */; };
		164DE3102C49DF6400F8CBB9 /* HomeView.swift in Sources */ = {isa = PBXBuildFile; fileRef = 164DE30F2C49DF6400F8CBB9 /* HomeView.swift */; };
		164DE3132C49DFEA00F8CBB9 /* User.swift in Sources */ = {isa = PBXBuildFile; fileRef = 164DE3122C49DFEA00F8CBB9 /* User.swift */; };
		164DE3162C49E3A000F8CBB9 /* AppDelegate.swift in Sources */ = {isa = PBXBuildFile; fileRef = 164DE3152C49E3A000F8CBB9 /* AppDelegate.swift */; };
		165412E82C5057EF00512C4F /* AccessibleContentView.swift in Sources */ = {isa = PBXBuildFile; fileRef = 165412E72C5057EF00512C4F /* AccessibleContentView.swift */; };
/* End PBXBuildFile section */

/* Begin PBXFileReference section */
		1624D2792C4ACC0000D3A74F /* GoogleService-Info.plist */ = {isa = PBXFileReference; fileEncoding = 4; lastKnownFileType = text.plist.xml; name = "GoogleService-Info.plist"; path = "../../../../../Downloads/GoogleService-Info.plist"; sourceTree = "<group>"; };
		164DE2F12C49CBF200F8CBB9 /* HelpDesk.app */ = {isa = PBXFileReference; explicitFileType = wrapper.application; includeInIndex = 0; path = HelpDesk.app; sourceTree = BUILT_PRODUCTS_DIR; };
		164DE2F42C49CBF200F8CBB9 /* HelpDeskApp.swift */ = {isa = PBXFileReference; lastKnownFileType = sourcecode.swift; path = HelpDeskApp.swift; sourceTree = "<group>"; };
		164DE2F62C49CBF200F8CBB9 /* ContentView.swift */ = {isa = PBXFileReference; lastKnownFileType = sourcecode.swift; path = ContentView.swift; sourceTree = "<group>"; };
		164DE2F82C49CBF200F8CBB9 /* Assets.xcassets */ = {isa = PBXFileReference; lastKnownFileType = folder.assetcatalog; path = Assets.xcassets; sourceTree = "<group>"; };
		164DE2FB2C49CBF200F8CBB9 /* Preview Assets.xcassets */ = {isa = PBXFileReference; lastKnownFileType = folder.assetcatalog; path = "Preview Assets.xcassets"; sourceTree = "<group>"; };
		164DE30F2C49DF6400F8CBB9 /* HomeView.swift */ = {isa = PBXFileReference; lastKnownFileType = sourcecode.swift; path = HomeView.swift; sourceTree = "<group>"; };
		164DE3122C49DFEA00F8CBB9 /* User.swift */ = {isa = PBXFileReference; lastKnownFileType = sourcecode.swift; path = User.swift; sourceTree = "<group>"; };
		164DE3152C49E3A000F8CBB9 /* AppDelegate.swift */ = {isa = PBXFileReference; lastKnownFileType = sourcecode.swift; path = AppDelegate.swift; sourceTree = "<group>"; };
		165412E72C5057EF00512C4F /* AccessibleContentView.swift */ = {isa = PBXFileReference; lastKnownFileType = sourcecode.swift; path = AccessibleContentView.swift; sourceTree = "<group>"; };
		165412E92C51C25600512C4F /* Info.plist */ = {isa = PBXFileReference; lastKnownFileType = text.plist; path = Info.plist; sourceTree = "<group>"; };
/* End PBXFileReference section */

/* Begin PBXFrameworksBuildPhase section */
		164DE2EE2C49CBF200F8CBB9 /* Frameworks */ = {
			isa = PBXFrameworksBuildPhase;
			buildActionMask = 2147483647;
			files = (
				164DE30A2C49CD0A00F8CBB9 /* FirebaseDatabase in Frameworks */,
				164DE30C2C49CD0A00F8CBB9 /* FirebaseFirestore in Frameworks */,
				164DE3062C49CD0A00F8CBB9 /* FirebaseAuth in Frameworks */,
				164DE30E2C49CD0A00F8CBB9 /* FirebaseStorage in Frameworks */,
				164DE3082C49CD0A00F8CBB9 /* FirebaseAuthCombine-Community in Frameworks */,
			);
			runOnlyForDeploymentPostprocessing = 0;
		};
/* End PBXFrameworksBuildPhase section */

/* Begin PBXGroup section */
		164DE2E82C49CBF200F8CBB9 = {
			isa = PBXGroup;
			children = (
				164DE2F32C49CBF200F8CBB9 /* HelpDesk */,
				164DE2F22C49CBF200F8CBB9 /* Products */,
			);
			sourceTree = "<group>";
		};
		164DE2F22C49CBF200F8CBB9 /* Products */ = {
			isa = PBXGroup;
			children = (
				164DE2F12C49CBF200F8CBB9 /* HelpDesk.app */,
			);
			name = Products;
			sourceTree = "<group>";
		};
		164DE2F32C49CBF200F8CBB9 /* HelpDesk */ = {
			isa = PBXGroup;
			children = (
				165412E92C51C25600512C4F /* Info.plist */,
				164DE3142C49E38E00F8CBB9 /* Application */,
				164DE3112C49DFD800F8CBB9 /* Manager */,
				164DE2F42C49CBF200F8CBB9 /* HelpDeskApp.swift */,
				164DE2F62C49CBF200F8CBB9 /* ContentView.swift */,
				164DE30F2C49DF6400F8CBB9 /* HomeView.swift */,
				1624D2792C4ACC0000D3A74F /* GoogleService-Info.plist */,
				164DE2F82C49CBF200F8CBB9 /* Assets.xcassets */,
				164DE2FA2C49CBF200F8CBB9 /* Preview Content */,
				165412E72C5057EF00512C4F /* AccessibleContentView.swift */,
			);
			path = HelpDesk;
			sourceTree = "<group>";
		};
		164DE2FA2C49CBF200F8CBB9 /* Preview Content */ = {
			isa = PBXGroup;
			children = (
				164DE2FB2C49CBF200F8CBB9 /* Preview Assets.xcassets */,
			);
			path = "Preview Content";
			sourceTree = "<group>";
		};
		164DE3112C49DFD800F8CBB9 /* Manager */ = {
			isa = PBXGroup;
			children = (
				164DE3122C49DFEA00F8CBB9 /* User.swift */,
			);
			path = Manager;
			sourceTree = "<group>";
		};
		164DE3142C49E38E00F8CBB9 /* Application */ = {
			isa = PBXGroup;
			children = (
				164DE3152C49E3A000F8CBB9 /* AppDelegate.swift */,
			);
			path = Application;
			sourceTree = "<group>";
		};
/* End PBXGroup section */

/* Begin PBXNativeTarget section */
		164DE2F02C49CBF200F8CBB9 /* HelpDesk */ = {
			isa = PBXNativeTarget;
			buildConfigurationList = 164DE2FF2C49CBF200F8CBB9 /* Build configuration list for PBXNativeTarget "HelpDesk" */;
			buildPhases = (
				164DE2ED2C49CBF200F8CBB9 /* Sources */,
				164DE2EE2C49CBF200F8CBB9 /* Frameworks */,
				164DE2EF2C49CBF200F8CBB9 /* Resources */,
			);
			buildRules = (
			);
			dependencies = (
			);
			name = HelpDesk;
			packageProductDependencies = (
				164DE3052C49CD0A00F8CBB9 /* FirebaseAuth */,
				164DE3072C49CD0A00F8CBB9 /* FirebaseAuthCombine-Community */,
				164DE3092C49CD0A00F8CBB9 /* FirebaseDatabase */,
				164DE30B2C49CD0A00F8CBB9 /* FirebaseFirestore */,
				164DE30D2C49CD0A00F8CBB9 /* FirebaseStorage */,
			);
			productName = HelpDesk;
			productReference = 164DE2F12C49CBF200F8CBB9 /* HelpDesk.app */;
			productType = "com.apple.product-type.application";
		};
/* End PBXNativeTarget section */

/* Begin PBXProject section */
		164DE2E92C49CBF200F8CBB9 /* Project object */ = {
			isa = PBXProject;
			attributes = {
				BuildIndependentTargetsInParallel = 1;
				LastSwiftUpdateCheck = 1540;
				LastUpgradeCheck = 1540;
				TargetAttributes = {
					164DE2F02C49CBF200F8CBB9 = {
						CreatedOnToolsVersion = 15.4;
					};
				};
			};
			buildConfigurationList = 164DE2EC2C49CBF200F8CBB9 /* Build configuration list for PBXProject "HelpDesk" */;
			compatibilityVersion = "Xcode 14.0";
			developmentRegion = en;
			hasScannedForEncodings = 0;
			knownRegions = (
				en,
				Base,
			);
			mainGroup = 164DE2E82C49CBF200F8CBB9;
			packageReferences = (
				164DE3042C49CD0A00F8CBB9 /* XCRemoteSwiftPackageReference "firebase-ios-sdk" */,
			);
			productRefGroup = 164DE2F22C49CBF200F8CBB9 /* Products */;
			projectDirPath = "";
			projectRoot = "";
			targets = (
				164DE2F02C49CBF200F8CBB9 /* HelpDesk */,
			);
		};
/* End PBXProject section */

/* Begin PBXResourcesBuildPhase section */
		164DE2EF2C49CBF200F8CBB9 /* Resources */ = {
			isa = PBXResourcesBuildPhase;
			buildActionMask = 2147483647;
			files = (
				164DE2FC2C49CBF200F8CBB9 /* Preview Assets.xcassets in Resources */,
				164DE2F92C49CBF200F8CBB9 /* Assets.xcassets in Resources */,
				1624D27A2C4ACC0000D3A74F /* GoogleService-Info.plist in Resources */,
			);
			runOnlyForDeploymentPostprocessing = 0;
		};
/* End PBXResourcesBuildPhase section */

/* Begin PBXSourcesBuildPhase section */
		164DE2ED2C49CBF200F8CBB9 /* Sources */ = {
			isa = PBXSourcesBuildPhase;
			buildActionMask = 2147483647;
			files = (
				165412E82C5057EF00512C4F /* AccessibleContentView.swift in Sources */,
				164DE3132C49DFEA00F8CBB9 /* User.swift in Sources */,
				164DE3102C49DF6400F8CBB9 /* HomeView.swift in Sources */,
				164DE2F72C49CBF200F8CBB9 /* ContentView.swift in Sources */,
				164DE3162C49E3A000F8CBB9 /* AppDelegate.swift in Sources */,
				164DE2F52C49CBF200F8CBB9 /* HelpDeskApp.swift in Sources */,
			);
			runOnlyForDeploymentPostprocessing = 0;
		};
/* End PBXSourcesBuildPhase section */

/* Begin XCBuildConfiguration section */
		164DE2FD2C49CBF200F8CBB9 /* Debug */ = {
			isa = XCBuildConfiguration;
			buildSettings = {
				ALWAYS_SEARCH_USER_PATHS = NO;
				ASSETCATALOG_COMPILER_GENERATE_SWIFT_ASSET_SYMBOL_EXTENSIONS = YES;
				CLANG_ANALYZER_NONNULL = YES;
				CLANG_ANALYZER_NUMBER_OBJECT_CONVERSION = YES_AGGRESSIVE;
				CLANG_CXX_LANGUAGE_STANDARD = "gnu++20";
				CLANG_ENABLE_MODULES = YES;
				CLANG_ENABLE_OBJC_ARC = YES;
				CLANG_ENABLE_OBJC_WEAK = YES;
				CLANG_WARN_BLOCK_CAPTURE_AUTORELEASING = YES;
				CLANG_WARN_BOOL_CONVERSION = YES;
				CLANG_WARN_COMMA = YES;
				CLANG_WARN_CONSTANT_CONVERSION = YES;
				CLANG_WARN_DEPRECATED_OBJC_IMPLEMENTATIONS = YES;
				CLANG_WARN_DIRECT_OBJC_ISA_USAGE = YES_ERROR;
				CLANG_WARN_DOCUMENTATION_COMMENTS = YES;
				CLANG_WARN_EMPTY_BODY = YES;
				CLANG_WARN_ENUM_CONVERSION = YES;
				CLANG_WARN_INFINITE_RECURSION = YES;
				CLANG_WARN_INT_CONVERSION = YES;
				CLANG_WARN_NON_LITERAL_NULL_CONVERSION = YES;
				CLANG_WARN_OBJC_IMPLICIT_RETAIN_SELF = YES;
				CLANG_WARN_OBJC_LITERAL_CONVERSION = YES;
				CLANG_WARN_OBJC_ROOT_CLASS = YES_ERROR;
				CLANG_WARN_QUOTED_INCLUDE_IN_FRAMEWORK_HEADER = YES;
				CLANG_WARN_RANGE_LOOP_ANALYSIS = YES;
				CLANG_WARN_STRICT_PROTOTYPES = YES;
				CLANG_WARN_SUSPICIOUS_MOVE = YES;
				CLANG_WARN_UNGUARDED_AVAILABILITY = YES_AGGRESSIVE;
				CLANG_WARN_UNREACHABLE_CODE = YES;
				CLANG_WARN__DUPLICATE_METHOD_MATCH = YES;
				COPY_PHASE_STRIP = NO;
				DEBUG_INFORMATION_FORMAT = dwarf;
				ENABLE_STRICT_OBJC_MSGSEND = YES;
				ENABLE_TESTABILITY = YES;
				ENABLE_USER_SCRIPT_SANDBOXING = YES;
				GCC_C_LANGUAGE_STANDARD = gnu17;
				GCC_DYNAMIC_NO_PIC = NO;
				GCC_NO_COMMON_BLOCKS = YES;
				GCC_OPTIMIZATION_LEVEL = 0;
				GCC_PREPROCESSOR_DEFINITIONS = (
					"DEBUG=1",
					"$(inherited)",
				);
				GCC_WARN_64_TO_32_BIT_CONVERSION = YES;
				GCC_WARN_ABOUT_RETURN_TYPE = YES_ERROR;
				GCC_WARN_UNDECLARED_SELECTOR = YES;
				GCC_WARN_UNINITIALIZED_AUTOS = YES_AGGRESSIVE;
				GCC_WARN_UNUSED_FUNCTION = YES;
				GCC_WARN_UNUSED_VARIABLE = YES;
				IPHONEOS_DEPLOYMENT_TARGET = 17.5;
				LOCALIZATION_PREFERS_STRING_CATALOGS = YES;
				MTL_ENABLE_DEBUG_INFO = INCLUDE_SOURCE;
				MTL_FAST_MATH = YES;
				ONLY_ACTIVE_ARCH = YES;
				SDKROOT = iphoneos;
				SWIFT_ACTIVE_COMPILATION_CONDITIONS = "DEBUG $(inherited)";
				SWIFT_OPTIMIZATION_LEVEL = "-Onone";
			};
			name = Debug;
		};
		164DE2FE2C49CBF200F8CBB9 /* Release */ = {
			isa = XCBuildConfiguration;
			buildSettings = {
				ALWAYS_SEARCH_USER_PATHS = NO;
				ASSETCATALOG_COMPILER_GENERATE_SWIFT_ASSET_SYMBOL_EXTENSIONS = YES;
				CLANG_ANALYZER_NONNULL = YES;
				CLANG_ANALYZER_NUMBER_OBJECT_CONVERSION = YES_AGGRESSIVE;
				CLANG_CXX_LANGUAGE_STANDARD = "gnu++20";
				CLANG_ENABLE_MODULES = YES;
				CLANG_ENABLE_OBJC_ARC = YES;
				CLANG_ENABLE_OBJC_WEAK = YES;
				CLANG_WARN_BLOCK_CAPTURE_AUTORELEASING = YES;
				CLANG_WARN_BOOL_CONVERSION = YES;
				CLANG_WARN_COMMA = YES;
				CLANG_WARN_CONSTANT_CONVERSION = YES;
				CLANG_WARN_DEPRECATED_OBJC_IMPLEMENTATIONS = YES;
				CLANG_WARN_DIRECT_OBJC_ISA_USAGE = YES_ERROR;
				CLANG_WARN_DOCUMENTATION_COMMENTS = YES;
				CLANG_WARN_EMPTY_BODY = YES;
				CLANG_WARN_ENUM_CONVERSION = YES;
				CLANG_WARN_INFINITE_RECURSION = YES;
				CLANG_WARN_INT_CONVERSION = YES;
				CLANG_WARN_NON_LITERAL_NULL_CONVERSION = YES;
				CLANG_WARN_OBJC_IMPLICIT_RETAIN_SELF = YES;
				CLANG_WARN_OBJC_LITERAL_CONVERSION = YES;
				CLANG_WARN_OBJC_ROOT_CLASS = YES_ERROR;
				CLANG_WARN_QUOTED_INCLUDE_IN_FRAMEWORK_HEADER = YES;
				CLANG_WARN_RANGE_LOOP_ANALYSIS = YES;
				CLANG_WARN_STRICT_PROTOTYPES = YES;
				CLANG_WARN_SUSPICIOUS_MOVE = YES;
				CLANG_WARN_UNGUARDED_AVAILABILITY = YES_AGGRESSIVE;
				CLANG_WARN_UNREACHABLE_CODE = YES;
				CLANG_WARN__DUPLICATE_METHOD_MATCH = YES;
				COPY_PHASE_STRIP = NO;
				DEBUG_INFORMATION_FORMAT = "dwarf-with-dsym";
				ENABLE_NS_ASSERTIONS = NO;
				ENABLE_STRICT_OBJC_MSGSEND = YES;
				ENABLE_USER_SCRIPT_SANDBOXING = YES;
				GCC_C_LANGUAGE_STANDARD = gnu17;
				GCC_NO_COMMON_BLOCKS = YES;
				GCC_WARN_64_TO_32_BIT_CONVERSION = YES;
				GCC_WARN_ABOUT_RETURN_TYPE = YES_ERROR;
				GCC_WARN_UNDECLARED_SELECTOR = YES;
				GCC_WARN_UNINITIALIZED_AUTOS = YES_AGGRESSIVE;
				GCC_WARN_UNUSED_FUNCTION = YES;
				GCC_WARN_UNUSED_VARIABLE = YES;
				IPHONEOS_DEPLOYMENT_TARGET = 17.5;
				LOCALIZATION_PREFERS_STRING_CATALOGS = YES;
				MTL_ENABLE_DEBUG_INFO = NO;
				MTL_FAST_MATH = YES;
				SDKROOT = iphoneos;
				SWIFT_COMPILATION_MODE = wholemodule;
				VALIDATE_PRODUCT = YES;
			};
			name = Release;
		};
		164DE3002C49CBF200F8CBB9 /* Debug */ = {
			isa = XCBuildConfiguration;
			buildSettings = {
				ASSETCATALOG_COMPILER_APPICON_NAME = AppIcon;
				ASSETCATALOG_COMPILER_GLOBAL_ACCENT_COLOR_NAME = AccentColor;
				CODE_SIGN_STYLE = Automatic;
				CURRENT_PROJECT_VERSION = 1;
				DEVELOPMENT_ASSET_PATHS = "\"HelpDesk/Preview Content\"";
				DEVELOPMENT_TEAM = X25GMKM57Z;
				ENABLE_PREVIEWS = YES;
				GENERATE_INFOPLIST_FILE = YES;
				INFOPLIST_FILE = HelpDesk/Info.plist;
				INFOPLIST_KEY_UIApplicationSceneManifest_Generation = YES;
				INFOPLIST_KEY_UIApplicationSupportsIndirectInputEvents = YES;
				INFOPLIST_KEY_UILaunchScreen_Generation = YES;
				INFOPLIST_KEY_UISupportedInterfaceOrientations_iPad = "UIInterfaceOrientationPortrait UIInterfaceOrientationPortraitUpsideDown UIInterfaceOrientationLandscapeLeft UIInterfaceOrientationLandscapeRight";
				INFOPLIST_KEY_UISupportedInterfaceOrientations_iPhone = "UIInterfaceOrientationPortrait UIInterfaceOrientationLandscapeLeft UIInterfaceOrientationLandscapeRight";
				LD_RUNPATH_SEARCH_PATHS = (
					"$(inherited)",
					"@executable_path/Frameworks",
				);
				MARKETING_VERSION = 1.0;
				PRODUCT_BUNDLE_IDENTIFIER = com.victorbrigido.HelpDesk;
				PRODUCT_NAME = "$(TARGET_NAME)";
				SWIFT_EMIT_LOC_STRINGS = YES;
				SWIFT_VERSION = 5.0;
				TARGETED_DEVICE_FAMILY = "1,2";
			};
			name = Debug;
		};
		164DE3012C49CBF200F8CBB9 /* Release */ = {
			isa = XCBuildConfiguration;
			buildSettings = {
				ASSETCATALOG_COMPILER_APPICON_NAME = AppIcon;
				ASSETCATALOG_COMPILER_GLOBAL_ACCENT_COLOR_NAME = AccentColor;
				CODE_SIGN_STYLE = Automatic;
				CURRENT_PROJECT_VERSION = 1;
				DEVELOPMENT_ASSET_PATHS = "\"HelpDesk/Preview Content\"";
				DEVELOPMENT_TEAM = X25GMKM57Z;
				ENABLE_PREVIEWS = YES;
				GENERATE_INFOPLIST_FILE = YES;
				INFOPLIST_FILE = HelpDesk/Info.plist;
				INFOPLIST_KEY_UIApplicationSceneManifest_Generation = YES;
				INFOPLIST_KEY_UIApplicationSupportsIndirectInputEvents = YES;
				INFOPLIST_KEY_UILaunchScreen_Generation = YES;
				INFOPLIST_KEY_UISupportedInterfaceOrientations_iPad = "UIInterfaceOrientationPortrait UIInterfaceOrientationPortraitUpsideDown UIInterfaceOrientationLandscapeLeft UIInterfaceOrientationLandscapeRight";
				INFOPLIST_KEY_UISupportedInterfaceOrientations_iPhone = "UIInterfaceOrientationPortrait UIInterfaceOrientationLandscapeLeft UIInterfaceOrientationLandscapeRight";
				LD_RUNPATH_SEARCH_PATHS = (
					"$(inherited)",
					"@executable_path/Frameworks",
				);
				MARKETING_VERSION = 1.0;
				PRODUCT_BUNDLE_IDENTIFIER = com.victorbrigido.HelpDesk;
				PRODUCT_NAME = "$(TARGET_NAME)";
				SWIFT_EMIT_LOC_STRINGS = YES;
				SWIFT_VERSION = 5.0;
				TARGETED_DEVICE_FAMILY = "1,2";
			};
			name = Release;
		};
/* End XCBuildConfiguration section */

/* Begin XCConfigurationList section */
		164DE2EC2C49CBF200F8CBB9 /* Build configuration list for PBXProject "HelpDesk" */ = {
			isa = XCConfigurationList;
			buildConfigurations = (
				164DE2FD2C49CBF200F8CBB9 /* Debug */,
				164DE2FE2C49CBF200F8CBB9 /* Release */,
			);
			defaultConfigurationIsVisible = 0;
			defaultConfigurationName = Release;
		};
		164DE2FF2C49CBF200F8CBB9 /* Build configuration list for PBXNativeTarget "HelpDesk" */ = {
			isa = XCConfigurationList;
			buildConfigurations = (
				164DE3002C49CBF200F8CBB9 /* Debug */,
				164DE3012C49CBF200F8CBB9 /* Release */,
			);
			defaultConfigurationIsVisible = 0;
			defaultConfigurationName = Release;
		};
/* End XCConfigurationList section */

/* Begin XCRemoteSwiftPackageReference section */
		164DE3042C49CD0A00F8CBB9 /* XCRemoteSwiftPackageReference "firebase-ios-sdk" */ = {
			isa = XCRemoteSwiftPackageReference;
			repositoryURL = "https://github.com/firebase/firebase-ios-sdk.git";
			requirement = {
				kind = upToNextMajorVersion;
				minimumVersion = 10.29.0;
			};
		};
/* End XCRemoteSwiftPackageReference section */

/* Begin XCSwiftPackageProductDependency section */
		164DE3052C49CD0A00F8CBB9 /* FirebaseAuth */ = {
			isa = XCSwiftPackageProductDependency;
			package = 164DE3042C49CD0A00F8CBB9 /* XCRemoteSwiftPackageReference "firebase-ios-sdk" */;
			productName = FirebaseAuth;
		};
		164DE3072C49CD0A00F8CBB9 /* FirebaseAuthCombine-Community */ = {
			isa = XCSwiftPackageProductDependency;
			package = 164DE3042C49CD0A00F8CBB9 /* XCRemoteSwiftPackageReference "firebase-ios-sdk" */;
			productName = "FirebaseAuthCombine-Community";
		};
		164DE3092C49CD0A00F8CBB9 /* FirebaseDatabase */ = {
			isa = XCSwiftPackageProductDependency;
			package = 164DE3042C49CD0A00F8CBB9 /* XCRemoteSwiftPackageReference "firebase-ios-sdk" */;
			productName = FirebaseDatabase;
		};
		164DE30B2C49CD0A00F8CBB9 /* FirebaseFirestore */ = {
			isa = XCSwiftPackageProductDependency;
			package = 164DE3042C49CD0A00F8CBB9 /* XCRemoteSwiftPackageReference "firebase-ios-sdk" */;
			productName = FirebaseFirestore;
		};
		164DE30D2C49CD0A00F8CBB9 /* FirebaseStorage */ = {
			isa = XCSwiftPackageProductDependency;
			package = 164DE3042C49CD0A00F8CBB9 /* XCRemoteSwiftPackageReference "firebase-ios-sdk" */;
			productName = FirebaseStorage;
		};
/* End XCSwiftPackageProductDependency section */
	};
	rootObject = 164DE2E92C49CBF200F8CBB9 /* Project object */;
}
